
Microsoft Visual Studio Solution File, Format Version 12.00
# Visual Studio Version 17
VisualStudioVersion = 17.13.35825.156 d17.13
MinimumVisualStudioVersion = 10.0.40219.1
Project("{FAE04EC0-301F-11D3-BF4B-00C04F79EFBC}") = "Calculator", "Calculator\Calculator.csproj", "{A5FEED05-A4DD-4FC2-8FFE-701324BC9DDC}"
EndProject
Global
	GlobalSection(SolutionConfigurationPlatforms) = preSolution
		Debug|Any CPU = Debug|Any CPU
		Release|Any CPU = Release|Any CPU
	EndGlobalSection
	GlobalSection(ProjectConfigurationPlatforms) = postSolution
		{A5FEED05-A4DD-4FC2-8FFE-701324BC9DDC}.Debug|Any CPU.ActiveCfg = Debug|Any CPU
		{A5FEED05-A4DD-4FC2-8FFE-701324BC9DDC}.Debug|Any CPU.Build.0 = Debug|Any CPU
		{A5FEED05-A4DD-4FC2-8FFE-701324BC9DDC}.Release|Any CPU.ActiveCfg = Release|Any CPU
		{A5FEED05-A4DD-4FC2-8FFE-701324BC9DDC}.Release|Any CPU.Build.0 = Release|Any CPU
	EndGlobalSection
	GlobalSection(SolutionProperties) = preSolution
		HideSolutionNode = FALSE
	EndGlobalSection
	GlobalSection(ExtensibilityGlobals) = postSolution
		SolutionGuid = {0DE15B50-D2E0-4D6D-9C5E-29CFCA25DDCC}
	EndGlobalSection
EndGlobal
